// !$*UTF8*$!
{
	archiveVersion = 1;
	classes = {
	};
	objectVersion = 50;
	objects = {

/* Begin PBXBuildFile section */
		7041AB30EC269429CDBF8B8E /* Pods_IslamicLandmarksAR.framework in Frameworks */ = {isa = PBXBuildFile; fileRef = E3A18AAC66E2F4FD98D53762 /* Pods_IslamicLandmarksAR.framework */; };
		AAF437D3EECA369C5E89CF33 /* Pods_IslamicLandmarksARTests.framework in Frameworks */ = {isa = PBXBuildFile; fileRef = 1DFD59CEA1C7806B33A9DBC0 /* Pods_IslamicLandmarksARTests.framework */; };
		CA09679221A4D33D002369FD /* AppDelegate.swift in Sources */ = {isa = PBXBuildFile; fileRef = CA09679121A4D33D002369FD /* AppDelegate.swift */; };
		CA09679421A4D33D002369FD /* art.scnassets in Resources */ = {isa = PBXBuildFile; fileRef = CA09679321A4D33D002369FD /* art.scnassets */; };
		CA09679621A4D33D002369FD /* ViewController.swift in Sources */ = {isa = PBXBuildFile; fileRef = CA09679521A4D33D002369FD /* ViewController.swift */; };
		CA09679921A4D33D002369FD /* Main.storyboard in Resources */ = {isa = PBXBuildFile; fileRef = CA09679721A4D33D002369FD /* Main.storyboard */; };
		CA09679B21A4D33E002369FD /* Assets.xcassets in Resources */ = {isa = PBXBuildFile; fileRef = CA09679A21A4D33E002369FD /* Assets.xcassets */; };
		CA09679E21A4D33E002369FD /* LaunchScreen.storyboard in Resources */ = {isa = PBXBuildFile; fileRef = CA09679C21A4D33E002369FD /* LaunchScreen.storyboard */; };
		CA0967A921A4D33E002369FD /* QiblaARTests.swift in Sources */ = {isa = PBXBuildFile; fileRef = CA0967A821A4D33E002369FD /* QiblaARTests.swift */; };
		CA0967B421A4D33E002369FD /* QiblaARUITests.swift in Sources */ = {isa = PBXBuildFile; fileRef = CA0967B321A4D33E002369FD /* QiblaARUITests.swift */; };
		CA0967C221A4F9D8002369FD /* VC+AddObject.swift in Sources */ = {isa = PBXBuildFile; fileRef = CA0967C121A4F9D8002369FD /* VC+AddObject.swift */; };
		CAF8401E21ADFAB8003B9FF9 /* discarded code.swift in Sources */ = {isa = PBXBuildFile; fileRef = CAF8401D21ADFAB8003B9FF9 /* discarded code.swift */; };
		CAF8402A21AFC0D4003B9FF9 /* CoreGraphics.framework in Frameworks */ = {isa = PBXBuildFile; fileRef = CAF8402921AFC0D4003B9FF9 /* CoreGraphics.framework */; };
		CAF8402C21AFC0DF003B9FF9 /* Foundation.framework in Frameworks */ = {isa = PBXBuildFile; fileRef = CAF8402B21AFC0DF003B9FF9 /* Foundation.framework */; };
		CAF8402E21AFC0F4003B9FF9 /* QuartzCore.framework in Frameworks */ = {isa = PBXBuildFile; fileRef = CAF8402D21AFC0F4003B9FF9 /* QuartzCore.framework */; };
		CAF8403C21AFC34E003B9FF9 /* MPCoachMarks.m in Sources */ = {isa = PBXBuildFile; fileRef = CAF8403B21AFC34E003B9FF9 /* MPCoachMarks.m */; };
		CAF8404A21B0B2FD003B9FF9 /* DDCircleView.m in Sources */ = {isa = PBXBuildFile; fileRef = CAF8404621B0B2FD003B9FF9 /* DDCircleView.m */; };
		CAF8404B21B0B2FD003B9FF9 /* DDCoachMarksView.m in Sources */ = {isa = PBXBuildFile; fileRef = CAF8404721B0B2FD003B9FF9 /* DDCoachMarksView.m */; };
		CAF8404E21B0B43A003B9FF9 /* DDBubble.m in Sources */ = {isa = PBXBuildFile; fileRef = CAF8404D21B0B43A003B9FF9 /* DDBubble.m */; };
		CAF8405021B1F163003B9FF9 /* BulletinDataScource.swift in Sources */ = {isa = PBXBuildFile; fileRef = CAF8404F21B1F163003B9FF9 /* BulletinDataScource.swift */; };
		CAF8405221B1F503003B9FF9 /* IntroPageItem.swift in Sources */ = {isa = PBXBuildFile; fileRef = CAF8405121B1F503003B9FF9 /* IntroPageItem.swift */; };
		CAFB6D9721A783BC0039CDD5 /* VC+ARSCNView.swift in Sources */ = {isa = PBXBuildFile; fileRef = CAFB6D9621A783BC0039CDD5 /* VC+ARSCNView.swift */; };
		CAFB6D9921A796D40039CDD5 /* FocusSquare.swift in Sources */ = {isa = PBXBuildFile; fileRef = CAFB6D9821A796D40039CDD5 /* FocusSquare.swift */; };
		CAFB6D9D21A8C2390039CDD5 /* DialogViewController.swift in Sources */ = {isa = PBXBuildFile; fileRef = CAFB6D9C21A8C2390039CDD5 /* DialogViewController.swift */; };
		CAFB6D9F21A8CA890039CDD5 /* DialogCollectionViewCell.swift in Sources */ = {isa = PBXBuildFile; fileRef = CAFB6D9E21A8CA890039CDD5 /* DialogCollectionViewCell.swift */; };
		CAFB6DA121AA40940039CDD5 /* KabahNode.swift in Sources */ = {isa = PBXBuildFile; fileRef = CAFB6DA021AA40940039CDD5 /* KabahNode.swift */; };
		CAFB6DA321AB51A80039CDD5 /* QuranNode.swift in Sources */ = {isa = PBXBuildFile; fileRef = CAFB6DA221AB51A80039CDD5 /* QuranNode.swift */; };
		CAFB6DA821ABAB940039CDD5 /* AqsaNode.swift in Sources */ = {isa = PBXBuildFile; fileRef = CAFB6DA721ABAB940039CDD5 /* AqsaNode.swift */; };
		D62D0F4DBA1AD7F1399EC6C9 /* Pods_IslamicLandmarksARUITests.framework in Frameworks */ = {isa = PBXBuildFile; fileRef = 45216469008FFF458F4C4910 /* Pods_IslamicLandmarksARUITests.framework */; };
/* End PBXBuildFile section */

/* Begin PBXContainerItemProxy section */
		CA0967A521A4D33E002369FD /* PBXContainerItemProxy */ = {
			isa = PBXContainerItemProxy;
			containerPortal = CA09678621A4D33D002369FD /* Project object */;
			proxyType = 1;
			remoteGlobalIDString = CA09678D21A4D33D002369FD;
			remoteInfo = QiblaAR;
		};
		CA0967B021A4D33E002369FD /* PBXContainerItemProxy */ = {
			isa = PBXContainerItemProxy;
			containerPortal = CA09678621A4D33D002369FD /* Project object */;
			proxyType = 1;
			remoteGlobalIDString = CA09678D21A4D33D002369FD;
			remoteInfo = QiblaAR;
		};
/* End PBXContainerItemProxy section */

/* Begin PBXFileReference section */
		00007899CC657BA7E93C97FB /* Pods-IslamicLandmarksAR.release.xcconfig */ = {isa = PBXFileReference; includeInIndex = 1; lastKnownFileType = text.xcconfig; name = "Pods-IslamicLandmarksAR.release.xcconfig"; path = "Pods/Target Support Files/Pods-IslamicLandmarksAR/Pods-IslamicLandmarksAR.release.xcconfig"; sourceTree = "<group>"; };
		1DFD59CEA1C7806B33A9DBC0 /* Pods_IslamicLandmarksARTests.framework */ = {isa = PBXFileReference; explicitFileType = wrapper.framework; includeInIndex = 0; path = Pods_IslamicLandmarksARTests.framework; sourceTree = BUILT_PRODUCTS_DIR; };
		45216469008FFF458F4C4910 /* Pods_IslamicLandmarksARUITests.framework */ = {isa = PBXFileReference; explicitFileType = wrapper.framework; includeInIndex = 0; path = Pods_IslamicLandmarksARUITests.framework; sourceTree = BUILT_PRODUCTS_DIR; };
		613590174F7E4CF53CC545EE /* Pods-IslamicLandmarksARTests.release.xcconfig */ = {isa = PBXFileReference; includeInIndex = 1; lastKnownFileType = text.xcconfig; name = "Pods-IslamicLandmarksARTests.release.xcconfig"; path = "Pods/Target Support Files/Pods-IslamicLandmarksARTests/Pods-IslamicLandmarksARTests.release.xcconfig"; sourceTree = "<group>"; };
		6E8471BC0EEA31A3548D0416 /* Pods-IslamicLandmarksARTests.debug.xcconfig */ = {isa = PBXFileReference; includeInIndex = 1; lastKnownFileType = text.xcconfig; name = "Pods-IslamicLandmarksARTests.debug.xcconfig"; path = "Pods/Target Support Files/Pods-IslamicLandmarksARTests/Pods-IslamicLandmarksARTests.debug.xcconfig"; sourceTree = "<group>"; };
		897AB05CF00B7E6B7798EA32 /* Pods-IslamicLandmarksAR.debug.xcconfig */ = {isa = PBXFileReference; includeInIndex = 1; lastKnownFileType = text.xcconfig; name = "Pods-IslamicLandmarksAR.debug.xcconfig"; path = "Pods/Target Support Files/Pods-IslamicLandmarksAR/Pods-IslamicLandmarksAR.debug.xcconfig"; sourceTree = "<group>"; };
		C8A3EF4551F0EF9A4AEC4CD9 /* Pods-IslamicLandmarksARUITests.release.xcconfig */ = {isa = PBXFileReference; includeInIndex = 1; lastKnownFileType = text.xcconfig; name = "Pods-IslamicLandmarksARUITests.release.xcconfig"; path = "Pods/Target Support Files/Pods-IslamicLandmarksARUITests/Pods-IslamicLandmarksARUITests.release.xcconfig"; sourceTree = "<group>"; };
		CA09678E21A4D33D002369FD /* IslamicLandmarksAR.app */ = {isa = PBXFileReference; explicitFileType = wrapper.application; includeInIndex = 0; path = IslamicLandmarksAR.app; sourceTree = BUILT_PRODUCTS_DIR; };
		CA09679121A4D33D002369FD /* AppDelegate.swift */ = {isa = PBXFileReference; lastKnownFileType = sourcecode.swift; path = AppDelegate.swift; sourceTree = "<group>"; };
		CA09679321A4D33D002369FD /* art.scnassets */ = {isa = PBXFileReference; lastKnownFileType = wrapper.scnassets; path = art.scnassets; sourceTree = "<group>"; };
		CA09679521A4D33D002369FD /* ViewController.swift */ = {isa = PBXFileReference; lastKnownFileType = sourcecode.swift; path = ViewController.swift; sourceTree = "<group>"; };
		CA09679821A4D33D002369FD /* Base */ = {isa = PBXFileReference; lastKnownFileType = file.storyboard; name = Base; path = Base.lproj/Main.storyboard; sourceTree = "<group>"; };
		CA09679A21A4D33E002369FD /* Assets.xcassets */ = {isa = PBXFileReference; lastKnownFileType = folder.assetcatalog; path = Assets.xcassets; sourceTree = "<group>"; };
		CA09679D21A4D33E002369FD /* Base */ = {isa = PBXFileReference; lastKnownFileType = file.storyboard; name = Base; path = Base.lproj/LaunchScreen.storyboard; sourceTree = "<group>"; };
		CA09679F21A4D33E002369FD /* Info.plist */ = {isa = PBXFileReference; lastKnownFileType = text.plist.xml; path = Info.plist; sourceTree = "<group>"; };
		CA0967A421A4D33E002369FD /* IslamicLandmarksARTests.xctest */ = {isa = PBXFileReference; explicitFileType = wrapper.cfbundle; includeInIndex = 0; path = IslamicLandmarksARTests.xctest; sourceTree = BUILT_PRODUCTS_DIR; };
		CA0967A821A4D33E002369FD /* QiblaARTests.swift */ = {isa = PBXFileReference; lastKnownFileType = sourcecode.swift; path = QiblaARTests.swift; sourceTree = "<group>"; };
		CA0967AA21A4D33E002369FD /* Info.plist */ = {isa = PBXFileReference; lastKnownFileType = text.plist.xml; path = Info.plist; sourceTree = "<group>"; };
		CA0967AF21A4D33E002369FD /* IslamicLandmarksARUITests.xctest */ = {isa = PBXFileReference; explicitFileType = wrapper.cfbundle; includeInIndex = 0; path = IslamicLandmarksARUITests.xctest; sourceTree = BUILT_PRODUCTS_DIR; };
		CA0967B321A4D33E002369FD /* QiblaARUITests.swift */ = {isa = PBXFileReference; lastKnownFileType = sourcecode.swift; path = QiblaARUITests.swift; sourceTree = "<group>"; };
		CA0967B521A4D33E002369FD /* Info.plist */ = {isa = PBXFileReference; lastKnownFileType = text.plist.xml; path = Info.plist; sourceTree = "<group>"; };
		CA0967C121A4F9D8002369FD /* VC+AddObject.swift */ = {isa = PBXFileReference; lastKnownFileType = sourcecode.swift; path = "VC+AddObject.swift"; sourceTree = "<group>"; };
		CAF8401D21ADFAB8003B9FF9 /* discarded code.swift */ = {isa = PBXFileReference; lastKnownFileType = sourcecode.swift; path = "discarded code.swift"; sourceTree = "<group>"; };
		CAF8402921AFC0D4003B9FF9 /* CoreGraphics.framework */ = {isa = PBXFileReference; lastKnownFileType = wrapper.framework; name = CoreGraphics.framework; path = System/Library/Frameworks/CoreGraphics.framework; sourceTree = SDKROOT; };
		CAF8402B21AFC0DF003B9FF9 /* Foundation.framework */ = {isa = PBXFileReference; lastKnownFileType = wrapper.framework; name = Foundation.framework; path = System/Library/Frameworks/Foundation.framework; sourceTree = SDKROOT; };
		CAF8402D21AFC0F4003B9FF9 /* QuartzCore.framework */ = {isa = PBXFileReference; lastKnownFileType = wrapper.framework; name = QuartzCore.framework; path = System/Library/Frameworks/QuartzCore.framework; sourceTree = SDKROOT; };
		CAF8403921AFC33D003B9FF9 /* MPCoachMarks.h */ = {isa = PBXFileReference; fileEncoding = 4; lastKnownFileType = sourcecode.c.h; path = MPCoachMarks.h; sourceTree = "<group>"; };
		CAF8403A21AFC34D003B9FF9 /* IslamicLandmarksAR-Bridging-Header.h */ = {isa = PBXFileReference; lastKnownFileType = sourcecode.c.h; path = "IslamicLandmarksAR-Bridging-Header.h"; sourceTree = "<group>"; };
		CAF8403B21AFC34E003B9FF9 /* MPCoachMarks.m */ = {isa = PBXFileReference; fileEncoding = 4; lastKnownFileType = sourcecode.c.objc; path = MPCoachMarks.m; sourceTree = "<group>"; };
		CAF8404621B0B2FD003B9FF9 /* DDCircleView.m */ = {isa = PBXFileReference; fileEncoding = 4; lastKnownFileType = sourcecode.c.objc; path = DDCircleView.m; sourceTree = "<group>"; };
		CAF8404721B0B2FD003B9FF9 /* DDCoachMarksView.m */ = {isa = PBXFileReference; fileEncoding = 4; lastKnownFileType = sourcecode.c.objc; path = DDCoachMarksView.m; sourceTree = "<group>"; };
		CAF8404821B0B2FD003B9FF9 /* DDCoachMarksView.h */ = {isa = PBXFileReference; fileEncoding = 4; lastKnownFileType = sourcecode.c.h; path = DDCoachMarksView.h; sourceTree = "<group>"; };
		CAF8404921B0B2FD003B9FF9 /* DDCircleView.h */ = {isa = PBXFileReference; fileEncoding = 4; lastKnownFileType = sourcecode.c.h; path = DDCircleView.h; sourceTree = "<group>"; };
		CAF8404C21B0B43A003B9FF9 /* DDBubble.h */ = {isa = PBXFileReference; fileEncoding = 4; lastKnownFileType = sourcecode.c.h; path = DDBubble.h; sourceTree = "<group>"; };
		CAF8404D21B0B43A003B9FF9 /* DDBubble.m */ = {isa = PBXFileReference; fileEncoding = 4; lastKnownFileType = sourcecode.c.objc; path = DDBubble.m; sourceTree = "<group>"; };
		CAF8404F21B1F163003B9FF9 /* BulletinDataScource.swift */ = {isa = PBXFileReference; lastKnownFileType = sourcecode.swift; path = BulletinDataScource.swift; sourceTree = "<group>"; };
		CAF8405121B1F503003B9FF9 /* IntroPageItem.swift */ = {isa = PBXFileReference; lastKnownFileType = sourcecode.swift; path = IntroPageItem.swift; sourceTree = "<group>"; };
		CAFB6D9621A783BC0039CDD5 /* VC+ARSCNView.swift */ = {isa = PBXFileReference; lastKnownFileType = sourcecode.swift; path = "VC+ARSCNView.swift"; sourceTree = "<group>"; };
		CAFB6D9821A796D40039CDD5 /* FocusSquare.swift */ = {isa = PBXFileReference; lastKnownFileType = sourcecode.swift; path = FocusSquare.swift; sourceTree = "<group>"; };
		CAFB6D9C21A8C2390039CDD5 /* DialogViewController.swift */ = {isa = PBXFileReference; lastKnownFileType = sourcecode.swift; path = DialogViewController.swift; sourceTree = "<group>"; };
		CAFB6D9E21A8CA890039CDD5 /* DialogCollectionViewCell.swift */ = {isa = PBXFileReference; lastKnownFileType = sourcecode.swift; path = DialogCollectionViewCell.swift; sourceTree = "<group>"; };
		CAFB6DA021AA40940039CDD5 /* KabahNode.swift */ = {isa = PBXFileReference; lastKnownFileType = sourcecode.swift; path = KabahNode.swift; sourceTree = "<group>"; };
		CAFB6DA221AB51A80039CDD5 /* QuranNode.swift */ = {isa = PBXFileReference; lastKnownFileType = sourcecode.swift; path = QuranNode.swift; sourceTree = "<group>"; };
		CAFB6DA721ABAB940039CDD5 /* AqsaNode.swift */ = {isa = PBXFileReference; lastKnownFileType = sourcecode.swift; path = AqsaNode.swift; sourceTree = "<group>"; };
		CCE1077014F3A2B81A541B6A /* Pods-IslamicLandmarksARUITests.debug.xcconfig */ = {isa = PBXFileReference; includeInIndex = 1; lastKnownFileType = text.xcconfig; name = "Pods-IslamicLandmarksARUITests.debug.xcconfig"; path = "Pods/Target Support Files/Pods-IslamicLandmarksARUITests/Pods-IslamicLandmarksARUITests.debug.xcconfig"; sourceTree = "<group>"; };
		E3A18AAC66E2F4FD98D53762 /* Pods_IslamicLandmarksAR.framework */ = {isa = PBXFileReference; explicitFileType = wrapper.framework; includeInIndex = 0; path = Pods_IslamicLandmarksAR.framework; sourceTree = BUILT_PRODUCTS_DIR; };
/* End PBXFileReference section */

/* Begin PBXFrameworksBuildPhase section */
		CA09678B21A4D33D002369FD /* Frameworks */ = {
			isa = PBXFrameworksBuildPhase;
			buildActionMask = 2147483647;
			files = (
				CAF8402E21AFC0F4003B9FF9 /* QuartzCore.framework in Frameworks */,
				CAF8402C21AFC0DF003B9FF9 /* Foundation.framework in Frameworks */,
				CAF8402A21AFC0D4003B9FF9 /* CoreGraphics.framework in Frameworks */,
				7041AB30EC269429CDBF8B8E /* Pods_IslamicLandmarksAR.framework in Frameworks */,
			);
			runOnlyForDeploymentPostprocessing = 0;
		};
		CA0967A121A4D33E002369FD /* Frameworks */ = {
			isa = PBXFrameworksBuildPhase;
			buildActionMask = 2147483647;
			files = (
				AAF437D3EECA369C5E89CF33 /* Pods_IslamicLandmarksARTests.framework in Frameworks */,
			);
			runOnlyForDeploymentPostprocessing = 0;
		};
		CA0967AC21A4D33E002369FD /* Frameworks */ = {
			isa = PBXFrameworksBuildPhase;
			buildActionMask = 2147483647;
			files = (
				D62D0F4DBA1AD7F1399EC6C9 /* Pods_IslamicLandmarksARUITests.framework in Frameworks */,
			);
			runOnlyForDeploymentPostprocessing = 0;
		};
/* End PBXFrameworksBuildPhase section */

/* Begin PBXGroup section */
		65F78147F8C9D9521AAAFC63 /* Frameworks */ = {
			isa = PBXGroup;
			children = (
				CAF8402D21AFC0F4003B9FF9 /* QuartzCore.framework */,
				CAF8402B21AFC0DF003B9FF9 /* Foundation.framework */,
				CAF8402921AFC0D4003B9FF9 /* CoreGraphics.framework */,
				E3A18AAC66E2F4FD98D53762 /* Pods_IslamicLandmarksAR.framework */,
				1DFD59CEA1C7806B33A9DBC0 /* Pods_IslamicLandmarksARTests.framework */,
				45216469008FFF458F4C4910 /* Pods_IslamicLandmarksARUITests.framework */,
			);
			name = Frameworks;
			sourceTree = "<group>";
		};
		C2E314871947FD745F518BBC /* Pods */ = {
			isa = PBXGroup;
			children = (
				897AB05CF00B7E6B7798EA32 /* Pods-IslamicLandmarksAR.debug.xcconfig */,
				00007899CC657BA7E93C97FB /* Pods-IslamicLandmarksAR.release.xcconfig */,
				6E8471BC0EEA31A3548D0416 /* Pods-IslamicLandmarksARTests.debug.xcconfig */,
				613590174F7E4CF53CC545EE /* Pods-IslamicLandmarksARTests.release.xcconfig */,
				CCE1077014F3A2B81A541B6A /* Pods-IslamicLandmarksARUITests.debug.xcconfig */,
				C8A3EF4551F0EF9A4AEC4CD9 /* Pods-IslamicLandmarksARUITests.release.xcconfig */,
			);
			name = Pods;
			sourceTree = "<group>";
		};
		CA09678521A4D33D002369FD = {
			isa = PBXGroup;
			children = (
				CA09679021A4D33D002369FD /* QiblaAR */,
				CA0967A721A4D33E002369FD /* QiblaARTests */,
				CA0967B221A4D33E002369FD /* QiblaARUITests */,
				CA09678F21A4D33D002369FD /* Products */,
				C2E314871947FD745F518BBC /* Pods */,
				65F78147F8C9D9521AAAFC63 /* Frameworks */,
			);
			sourceTree = "<group>";
		};
		CA09678F21A4D33D002369FD /* Products */ = {
			isa = PBXGroup;
			children = (
				CA09678E21A4D33D002369FD /* IslamicLandmarksAR.app */,
				CA0967A421A4D33E002369FD /* IslamicLandmarksARTests.xctest */,
				CA0967AF21A4D33E002369FD /* IslamicLandmarksARUITests.xctest */,
			);
			name = Products;
			sourceTree = "<group>";
		};
		CA09679021A4D33D002369FD /* QiblaAR */ = {
			isa = PBXGroup;
			children = (
				CA09679121A4D33D002369FD /* AppDelegate.swift */,
				CA09679321A4D33D002369FD /* art.scnassets */,
				CA09679521A4D33D002369FD /* ViewController.swift */,
				CAFB6D9621A783BC0039CDD5 /* VC+ARSCNView.swift */,
				CAFB6D9821A796D40039CDD5 /* FocusSquare.swift */,
				CAF8403921AFC33D003B9FF9 /* MPCoachMarks.h */,
				CA0967C121A4F9D8002369FD /* VC+AddObject.swift */,
				CAF8403B21AFC34E003B9FF9 /* MPCoachMarks.m */,
				CAFB6DA021AA40940039CDD5 /* KabahNode.swift */,
				CAFB6DA221AB51A80039CDD5 /* QuranNode.swift */,
				CAFB6DA721ABAB940039CDD5 /* AqsaNode.swift */,
				CA09679721A4D33D002369FD /* Main.storyboard */,
				CAFB6D9C21A8C2390039CDD5 /* DialogViewController.swift */,
				CAF8401D21ADFAB8003B9FF9 /* discarded code.swift */,
				CAF8405121B1F503003B9FF9 /* IntroPageItem.swift */,
				CAFB6D9E21A8CA890039CDD5 /* DialogCollectionViewCell.swift */,
				CA09679A21A4D33E002369FD /* Assets.xcassets */,
				CA09679C21A4D33E002369FD /* LaunchScreen.storyboard */,
				CA09679F21A4D33E002369FD /* Info.plist */,
				CAF8403A21AFC34D003B9FF9 /* IslamicLandmarksAR-Bridging-Header.h */,
				CAF8404921B0B2FD003B9FF9 /* DDCircleView.h */,
				CAF8404621B0B2FD003B9FF9 /* DDCircleView.m */,
				CAF8404F21B1F163003B9FF9 /* BulletinDataScource.swift */,
				CAF8404821B0B2FD003B9FF9 /* DDCoachMarksView.h */,
				CAF8404721B0B2FD003B9FF9 /* DDCoachMarksView.m */,
				CAF8404C21B0B43A003B9FF9 /* DDBubble.h */,
				CAF8404D21B0B43A003B9FF9 /* DDBubble.m */,
			);
			path = QiblaAR;
			sourceTree = "<group>";
		};
		CA0967A721A4D33E002369FD /* QiblaARTests */ = {
			isa = PBXGroup;
			children = (
				CA0967A821A4D33E002369FD /* QiblaARTests.swift */,
				CA0967AA21A4D33E002369FD /* Info.plist */,
			);
			path = QiblaARTests;
			sourceTree = "<group>";
		};
		CA0967B221A4D33E002369FD /* QiblaARUITests */ = {
			isa = PBXGroup;
			children = (
				CA0967B321A4D33E002369FD /* QiblaARUITests.swift */,
				CA0967B521A4D33E002369FD /* Info.plist */,
			);
			path = QiblaARUITests;
			sourceTree = "<group>";
		};
/* End PBXGroup section */

/* Begin PBXNativeTarget section */
		CA09678D21A4D33D002369FD /* IslamicLandmarksAR */ = {
			isa = PBXNativeTarget;
			buildConfigurationList = CA0967B821A4D33E002369FD /* Build configuration list for PBXNativeTarget "IslamicLandmarksAR" */;
			buildPhases = (
				5D1ADD0FDE462E05C8AD0687 /* [CP] Check Pods Manifest.lock */,
				CA09678A21A4D33D002369FD /* Sources */,
				CA09678B21A4D33D002369FD /* Frameworks */,
				CA09678C21A4D33D002369FD /* Resources */,
				B1A76D3EFB7BD7451E1D746E /* [CP] Embed Pods Frameworks */,
			);
			buildRules = (
			);
			dependencies = (
			);
			name = IslamicLandmarksAR;
			productName = QiblaAR;
			productReference = CA09678E21A4D33D002369FD /* IslamicLandmarksAR.app */;
			productType = "com.apple.product-type.application";
		};
		CA0967A321A4D33E002369FD /* IslamicLandmarksARTests */ = {
			isa = PBXNativeTarget;
			buildConfigurationList = CA0967BB21A4D33E002369FD /* Build configuration list for PBXNativeTarget "IslamicLandmarksARTests" */;
			buildPhases = (
				5C4597CC2848AD241699BFB4 /* [CP] Check Pods Manifest.lock */,
				CA0967A021A4D33E002369FD /* Sources */,
				CA0967A121A4D33E002369FD /* Frameworks */,
				CA0967A221A4D33E002369FD /* Resources */,
			);
			buildRules = (
			);
			dependencies = (
				CA0967A621A4D33E002369FD /* PBXTargetDependency */,
			);
			name = IslamicLandmarksARTests;
			productName = QiblaARTests;
			productReference = CA0967A421A4D33E002369FD /* IslamicLandmarksARTests.xctest */;
			productType = "com.apple.product-type.bundle.unit-test";
		};
		CA0967AE21A4D33E002369FD /* IslamicLandmarksARUITests */ = {
			isa = PBXNativeTarget;
			buildConfigurationList = CA0967BE21A4D33E002369FD /* Build configuration list for PBXNativeTarget "IslamicLandmarksARUITests" */;
			buildPhases = (
				C9570E63598310A9EDDB2631 /* [CP] Check Pods Manifest.lock */,
				CA0967AB21A4D33E002369FD /* Sources */,
				CA0967AC21A4D33E002369FD /* Frameworks */,
				CA0967AD21A4D33E002369FD /* Resources */,
			);
			buildRules = (
			);
			dependencies = (
				CA0967B121A4D33E002369FD /* PBXTargetDependency */,
			);
			name = IslamicLandmarksARUITests;
			productName = QiblaARUITests;
			productReference = CA0967AF21A4D33E002369FD /* IslamicLandmarksARUITests.xctest */;
			productType = "com.apple.product-type.bundle.ui-testing";
		};
/* End PBXNativeTarget section */

/* Begin PBXProject section */
		CA09678621A4D33D002369FD /* Project object */ = {
			isa = PBXProject;
			attributes = {
				LastSwiftUpdateCheck = 1010;
				LastUpgradeCheck = 1010;
				ORGANIZATIONNAME = "DateSeed Technologies";
				TargetAttributes = {
					CA09678D21A4D33D002369FD = {
						CreatedOnToolsVersion = 10.1;
						LastSwiftMigration = 1010;
					};
					CA0967A321A4D33E002369FD = {
						CreatedOnToolsVersion = 10.1;
						TestTargetID = CA09678D21A4D33D002369FD;
					};
					CA0967AE21A4D33E002369FD = {
						CreatedOnToolsVersion = 10.1;
						TestTargetID = CA09678D21A4D33D002369FD;
					};
				};
			};
			buildConfigurationList = CA09678921A4D33D002369FD /* Build configuration list for PBXProject "IslamicLandmarksAR" */;
			compatibilityVersion = "Xcode 9.3";
			developmentRegion = en;
			hasScannedForEncodings = 0;
			knownRegions = (
				en,
				Base,
			);
			mainGroup = CA09678521A4D33D002369FD;
			productRefGroup = CA09678F21A4D33D002369FD /* Products */;
			projectDirPath = "";
			projectRoot = "";
			targets = (
				CA09678D21A4D33D002369FD /* IslamicLandmarksAR */,
				CA0967A321A4D33E002369FD /* IslamicLandmarksARTests */,
				CA0967AE21A4D33E002369FD /* IslamicLandmarksARUITests */,
			);
		};
/* End PBXProject section */

/* Begin PBXResourcesBuildPhase section */
		CA09678C21A4D33D002369FD /* Resources */ = {
			isa = PBXResourcesBuildPhase;
			buildActionMask = 2147483647;
			files = (
				CA09679421A4D33D002369FD /* art.scnassets in Resources */,
				CA09679E21A4D33E002369FD /* LaunchScreen.storyboard in Resources */,
				CA09679B21A4D33E002369FD /* Assets.xcassets in Resources */,
				CA09679921A4D33D002369FD /* Main.storyboard in Resources */,
			);
			runOnlyForDeploymentPostprocessing = 0;
		};
		CA0967A221A4D33E002369FD /* Resources */ = {
			isa = PBXResourcesBuildPhase;
			buildActionMask = 2147483647;
			files = (
			);
			runOnlyForDeploymentPostprocessing = 0;
		};
		CA0967AD21A4D33E002369FD /* Resources */ = {
			isa = PBXResourcesBuildPhase;
			buildActionMask = 2147483647;
			files = (
			);
			runOnlyForDeploymentPostprocessing = 0;
		};
/* End PBXResourcesBuildPhase section */

/* Begin PBXShellScriptBuildPhase section */
		5C4597CC2848AD241699BFB4 /* [CP] Check Pods Manifest.lock */ = {
			isa = PBXShellScriptBuildPhase;
			buildActionMask = 2147483647;
			files = (
			);
			inputFileListPaths = (
			);
			inputPaths = (
				"${PODS_PODFILE_DIR_PATH}/Podfile.lock",
				"${PODS_ROOT}/Manifest.lock",
			);
			name = "[CP] Check Pods Manifest.lock";
			outputFileListPaths = (
			);
			outputPaths = (
				"$(DERIVED_FILE_DIR)/Pods-IslamicLandmarksARTests-checkManifestLockResult.txt",
			);
			runOnlyForDeploymentPostprocessing = 0;
			shellPath = /bin/sh;
			shellScript = "diff \"${PODS_PODFILE_DIR_PATH}/Podfile.lock\" \"${PODS_ROOT}/Manifest.lock\" > /dev/null\nif [ $? != 0 ] ; then\n    # print error to STDERR\n    echo \"error: The sandbox is not in sync with the Podfile.lock. Run 'pod install' or update your CocoaPods installation.\" >&2\n    exit 1\nfi\n# This output is used by Xcode 'outputs' to avoid re-running this script phase.\necho \"SUCCESS\" > \"${SCRIPT_OUTPUT_FILE_0}\"\n";
			showEnvVarsInLog = 0;
		};
		5D1ADD0FDE462E05C8AD0687 /* [CP] Check Pods Manifest.lock */ = {
			isa = PBXShellScriptBuildPhase;
			buildActionMask = 2147483647;
			files = (
			);
			inputFileListPaths = (
			);
			inputPaths = (
				"${PODS_PODFILE_DIR_PATH}/Podfile.lock",
				"${PODS_ROOT}/Manifest.lock",
			);
			name = "[CP] Check Pods Manifest.lock";
			outputFileListPaths = (
			);
			outputPaths = (
				"$(DERIVED_FILE_DIR)/Pods-IslamicLandmarksAR-checkManifestLockResult.txt",
			);
			runOnlyForDeploymentPostprocessing = 0;
			shellPath = /bin/sh;
			shellScript = "diff \"${PODS_PODFILE_DIR_PATH}/Podfile.lock\" \"${PODS_ROOT}/Manifest.lock\" > /dev/null\nif [ $? != 0 ] ; then\n    # print error to STDERR\n    echo \"error: The sandbox is not in sync with the Podfile.lock. Run 'pod install' or update your CocoaPods installation.\" >&2\n    exit 1\nfi\n# This output is used by Xcode 'outputs' to avoid re-running this script phase.\necho \"SUCCESS\" > \"${SCRIPT_OUTPUT_FILE_0}\"\n";
			showEnvVarsInLog = 0;
		};
		B1A76D3EFB7BD7451E1D746E /* [CP] Embed Pods Frameworks */ = {
			isa = PBXShellScriptBuildPhase;
			buildActionMask = 2147483647;
			files = (
			);
			inputFileListPaths = (
			);
			inputPaths = (
				"${SRCROOT}/Pods/Target Support Files/Pods-IslamicLandmarksAR/Pods-IslamicLandmarksAR-frameworks.sh",
				"${BUILT_PRODUCTS_DIR}/BulletinBoard/BLTNBoard.framework",
			);
			name = "[CP] Embed Pods Frameworks";
			outputFileListPaths = (
			);
			outputPaths = (
				"${TARGET_BUILD_DIR}/${FRAMEWORKS_FOLDER_PATH}/BLTNBoard.framework",
			);
			runOnlyForDeploymentPostprocessing = 0;
			shellPath = /bin/sh;
			shellScript = "\"${SRCROOT}/Pods/Target Support Files/Pods-IslamicLandmarksAR/Pods-IslamicLandmarksAR-frameworks.sh\"\n";
			showEnvVarsInLog = 0;
		};
		C9570E63598310A9EDDB2631 /* [CP] Check Pods Manifest.lock */ = {
			isa = PBXShellScriptBuildPhase;
			buildActionMask = 2147483647;
			files = (
			);
			inputFileListPaths = (
			);
			inputPaths = (
				"${PODS_PODFILE_DIR_PATH}/Podfile.lock",
				"${PODS_ROOT}/Manifest.lock",
			);
			name = "[CP] Check Pods Manifest.lock";
			outputFileListPaths = (
			);
			outputPaths = (
				"$(DERIVED_FILE_DIR)/Pods-IslamicLandmarksARUITests-checkManifestLockResult.txt",
			);
			runOnlyForDeploymentPostprocessing = 0;
			shellPath = /bin/sh;
			shellScript = "diff \"${PODS_PODFILE_DIR_PATH}/Podfile.lock\" \"${PODS_ROOT}/Manifest.lock\" > /dev/null\nif [ $? != 0 ] ; then\n    # print error to STDERR\n    echo \"error: The sandbox is not in sync with the Podfile.lock. Run 'pod install' or update your CocoaPods installation.\" >&2\n    exit 1\nfi\n# This output is used by Xcode 'outputs' to avoid re-running this script phase.\necho \"SUCCESS\" > \"${SCRIPT_OUTPUT_FILE_0}\"\n";
			showEnvVarsInLog = 0;
		};
/* End PBXShellScriptBuildPhase section */

/* Begin PBXSourcesBuildPhase section */
		CA09678A21A4D33D002369FD /* Sources */ = {
			isa = PBXSourcesBuildPhase;
			buildActionMask = 2147483647;
			files = (
				CAF8405221B1F503003B9FF9 /* IntroPageItem.swift in Sources */,
				CA09679621A4D33D002369FD /* ViewController.swift in Sources */,
				CAF8405021B1F163003B9FF9 /* BulletinDataScource.swift in Sources */,
				CAF8401E21ADFAB8003B9FF9 /* discarded code.swift in Sources */,
				CAFB6DA821ABAB940039CDD5 /* AqsaNode.swift in Sources */,
				CAF8404A21B0B2FD003B9FF9 /* DDCircleView.m in Sources */,
				CAF8404B21B0B2FD003B9FF9 /* DDCoachMarksView.m in Sources */,
				CAFB6DA321AB51A80039CDD5 /* QuranNode.swift in Sources */,
				CAFB6DA121AA40940039CDD5 /* KabahNode.swift in Sources */,
				CA0967C221A4F9D8002369FD /* VC+AddObject.swift in Sources */,
				CAFB6D9D21A8C2390039CDD5 /* DialogViewController.swift in Sources */,
				CAF8404E21B0B43A003B9FF9 /* DDBubble.m in Sources */,
				CA09679221A4D33D002369FD /* AppDelegate.swift in Sources */,
				CAFB6D9721A783BC0039CDD5 /* VC+ARSCNView.swift in Sources */,
				CAFB6D9F21A8CA890039CDD5 /* DialogCollectionViewCell.swift in Sources */,
				CAF8403C21AFC34E003B9FF9 /* MPCoachMarks.m in Sources */,
				CAFB6D9921A796D40039CDD5 /* FocusSquare.swift in Sources */,
			);
			runOnlyForDeploymentPostprocessing = 0;
		};
		CA0967A021A4D33E002369FD /* Sources */ = {
			isa = PBXSourcesBuildPhase;
			buildActionMask = 2147483647;
			files = (
				CA0967A921A4D33E002369FD /* QiblaARTests.swift in Sources */,
			);
			runOnlyForDeploymentPostprocessing = 0;
		};
		CA0967AB21A4D33E002369FD /* Sources */ = {
			isa = PBXSourcesBuildPhase;
			buildActionMask = 2147483647;
			files = (
				CA0967B421A4D33E002369FD /* QiblaARUITests.swift in Sources */,
			);
			runOnlyForDeploymentPostprocessing = 0;
		};
/* End PBXSourcesBuildPhase section */

/* Begin PBXTargetDependency section */
		CA0967A621A4D33E002369FD /* PBXTargetDependency */ = {
			isa = PBXTargetDependency;
			target = CA09678D21A4D33D002369FD /* IslamicLandmarksAR */;
			targetProxy = CA0967A521A4D33E002369FD /* PBXContainerItemProxy */;
		};
		CA0967B121A4D33E002369FD /* PBXTargetDependency */ = {
			isa = PBXTargetDependency;
			target = CA09678D21A4D33D002369FD /* IslamicLandmarksAR */;
			targetProxy = CA0967B021A4D33E002369FD /* PBXContainerItemProxy */;
		};
/* End PBXTargetDependency section */

/* Begin PBXVariantGroup section */
		CA09679721A4D33D002369FD /* Main.storyboard */ = {
			isa = PBXVariantGroup;
			children = (
				CA09679821A4D33D002369FD /* Base */,
			);
			name = Main.storyboard;
			sourceTree = "<group>";
		};
		CA09679C21A4D33E002369FD /* LaunchScreen.storyboard */ = {
			isa = PBXVariantGroup;
			children = (
				CA09679D21A4D33E002369FD /* Base */,
			);
			name = LaunchScreen.storyboard;
			sourceTree = "<group>";
		};
/* End PBXVariantGroup section */

/* Begin XCBuildConfiguration section */
		CA0967B621A4D33E002369FD /* Debug */ = {
			isa = XCBuildConfiguration;
			buildSettings = {
				ALWAYS_SEARCH_USER_PATHS = NO;
				CLANG_ANALYZER_NONNULL = YES;
				CLANG_ANALYZER_NUMBER_OBJECT_CONVERSION = YES_AGGRESSIVE;
				CLANG_CXX_LANGUAGE_STANDARD = "gnu++14";
				CLANG_CXX_LIBRARY = "libc++";
				CLANG_ENABLE_MODULES = YES;
				CLANG_ENABLE_OBJC_ARC = YES;
				CLANG_ENABLE_OBJC_WEAK = YES;
				CLANG_WARN_BLOCK_CAPTURE_AUTORELEASING = YES;
				CLANG_WARN_BOOL_CONVERSION = YES;
				CLANG_WARN_COMMA = YES;
				CLANG_WARN_CONSTANT_CONVERSION = YES;
				CLANG_WARN_DEPRECATED_OBJC_IMPLEMENTATIONS = YES;
				CLANG_WARN_DIRECT_OBJC_ISA_USAGE = YES_ERROR;
				CLANG_WARN_DOCUMENTATION_COMMENTS = YES;
				CLANG_WARN_EMPTY_BODY = YES;
				CLANG_WARN_ENUM_CONVERSION = YES;
				CLANG_WARN_INFINITE_RECURSION = YES;
				CLANG_WARN_INT_CONVERSION = YES;
				CLANG_WARN_NON_LITERAL_NULL_CONVERSION = YES;
				CLANG_WARN_OBJC_IMPLICIT_RETAIN_SELF = YES;
				CLANG_WARN_OBJC_LITERAL_CONVERSION = YES;
				CLANG_WARN_OBJC_ROOT_CLASS = YES_ERROR;
				CLANG_WARN_RANGE_LOOP_ANALYSIS = YES;
				CLANG_WARN_STRICT_PROTOTYPES = YES;
				CLANG_WARN_SUSPICIOUS_MOVE = YES;
				CLANG_WARN_UNGUARDED_AVAILABILITY = YES_AGGRESSIVE;
				CLANG_WARN_UNREACHABLE_CODE = YES;
				CLANG_WARN__DUPLICATE_METHOD_MATCH = YES;
				CODE_SIGN_IDENTITY = "iPhone Developer";
				COPY_PHASE_STRIP = NO;
				DEBUG_INFORMATION_FORMAT = dwarf;
				ENABLE_STRICT_OBJC_MSGSEND = YES;
				ENABLE_TESTABILITY = YES;
				GCC_C_LANGUAGE_STANDARD = gnu11;
				GCC_DYNAMIC_NO_PIC = NO;
				GCC_NO_COMMON_BLOCKS = YES;
				GCC_OPTIMIZATION_LEVEL = 0;
				GCC_PREPROCESSOR_DEFINITIONS = (
					"DEBUG=1",
					"$(inherited)",
				);
				GCC_WARN_64_TO_32_BIT_CONVERSION = YES;
				GCC_WARN_ABOUT_RETURN_TYPE = YES_ERROR;
				GCC_WARN_UNDECLARED_SELECTOR = YES;
				GCC_WARN_UNINITIALIZED_AUTOS = YES_AGGRESSIVE;
				GCC_WARN_UNUSED_FUNCTION = YES;
				GCC_WARN_UNUSED_VARIABLE = YES;
				IPHONEOS_DEPLOYMENT_TARGET = 12.1;
				MTL_ENABLE_DEBUG_INFO = INCLUDE_SOURCE;
				MTL_FAST_MATH = YES;
				ONLY_ACTIVE_ARCH = YES;
				PRODUCT_NAME = "Islamic Landmarks AR";
				SDKROOT = iphoneos;
				SWIFT_ACTIVE_COMPILATION_CONDITIONS = DEBUG;
				SWIFT_OBJC_BRIDGING_HEADER = "/Users/hamzalakhani/Desktop/QiblaAR/Islamic-Landmarks-AR-Bridging-Header.h";
				SWIFT_OPTIMIZATION_LEVEL = "-Onone";
			};
			name = Debug;
		};
		CA0967B721A4D33E002369FD /* Release */ = {
			isa = XCBuildConfiguration;
			buildSettings = {
				ALWAYS_SEARCH_USER_PATHS = NO;
				CLANG_ANALYZER_NONNULL = YES;
				CLANG_ANALYZER_NUMBER_OBJECT_CONVERSION = YES_AGGRESSIVE;
				CLANG_CXX_LANGUAGE_STANDARD = "gnu++14";
				CLANG_CXX_LIBRARY = "libc++";
				CLANG_ENABLE_MODULES = YES;
				CLANG_ENABLE_OBJC_ARC = YES;
				CLANG_ENABLE_OBJC_WEAK = YES;
				CLANG_WARN_BLOCK_CAPTURE_AUTORELEASING = YES;
				CLANG_WARN_BOOL_CONVERSION = YES;
				CLANG_WARN_COMMA = YES;
				CLANG_WARN_CONSTANT_CONVERSION = YES;
				CLANG_WARN_DEPRECATED_OBJC_IMPLEMENTATIONS = YES;
				CLANG_WARN_DIRECT_OBJC_ISA_USAGE = YES_ERROR;
				CLANG_WARN_DOCUMENTATION_COMMENTS = YES;
				CLANG_WARN_EMPTY_BODY = YES;
				CLANG_WARN_ENUM_CONVERSION = YES;
				CLANG_WARN_INFINITE_RECURSION = YES;
				CLANG_WARN_INT_CONVERSION = YES;
				CLANG_WARN_NON_LITERAL_NULL_CONVERSION = YES;
				CLANG_WARN_OBJC_IMPLICIT_RETAIN_SELF = YES;
				CLANG_WARN_OBJC_LITERAL_CONVERSION = YES;
				CLANG_WARN_OBJC_ROOT_CLASS = YES_ERROR;
				CLANG_WARN_RANGE_LOOP_ANALYSIS = YES;
				CLANG_WARN_STRICT_PROTOTYPES = YES;
				CLANG_WARN_SUSPICIOUS_MOVE = YES;
				CLANG_WARN_UNGUARDED_AVAILABILITY = YES_AGGRESSIVE;
				CLANG_WARN_UNREACHABLE_CODE = YES;
				CLANG_WARN__DUPLICATE_METHOD_MATCH = YES;
				CODE_SIGN_IDENTITY = "iPhone Developer";
				COPY_PHASE_STRIP = NO;
				DEBUG_INFORMATION_FORMAT = "dwarf-with-dsym";
				ENABLE_NS_ASSERTIONS = NO;
				ENABLE_STRICT_OBJC_MSGSEND = YES;
				GCC_C_LANGUAGE_STANDARD = gnu11;
				GCC_NO_COMMON_BLOCKS = YES;
				GCC_WARN_64_TO_32_BIT_CONVERSION = YES;
				GCC_WARN_ABOUT_RETURN_TYPE = YES_ERROR;
				GCC_WARN_UNDECLARED_SELECTOR = YES;
				GCC_WARN_UNINITIALIZED_AUTOS = YES_AGGRESSIVE;
				GCC_WARN_UNUSED_FUNCTION = YES;
				GCC_WARN_UNUSED_VARIABLE = YES;
				IPHONEOS_DEPLOYMENT_TARGET = 12.1;
				MTL_ENABLE_DEBUG_INFO = NO;
				MTL_FAST_MATH = YES;
				PRODUCT_NAME = "Islamic Landmarks AR";
				SDKROOT = iphoneos;
				SWIFT_COMPILATION_MODE = wholemodule;
				SWIFT_OBJC_BRIDGING_HEADER = "/Users/hamzalakhani/Desktop/QiblaAR/Islamic-Landmarks-AR-Bridging-Header.h";
				SWIFT_OPTIMIZATION_LEVEL = "-O";
				VALIDATE_PRODUCT = YES;
			};
			name = Release;
		};
		CA0967B921A4D33E002369FD /* Debug */ = {
			isa = XCBuildConfiguration;
			baseConfigurationReference = 897AB05CF00B7E6B7798EA32 /* Pods-IslamicLandmarksAR.debug.xcconfig */;
			buildSettings = {
				ASSETCATALOG_COMPILER_APPICON_NAME = AppIcon;
				CLANG_ENABLE_MODULES = YES;
				CODE_SIGN_STYLE = Automatic;
				DEFINES_MODULE = YES;
				DEVELOPMENT_TEAM = 4TNELUUJWJ;
				INFOPLIST_FILE = QiblaAR/Info.plist;
				LD_RUNPATH_SEARCH_PATHS = (
					"$(inherited)",
					"@executable_path/Frameworks",
				);
				PRODUCT_BUNDLE_IDENTIFIER = com.hamzalakhani.QiblaAR;
				PRODUCT_NAME = "$(TARGET_NAME)";
				SWIFT_OBJC_BRIDGING_HEADER = "QiblaAR/IslamicLandmarksAR-Bridging-Header.h";
				SWIFT_OPTIMIZATION_LEVEL = "-Onone";
				SWIFT_SWIFT3_OBJC_INFERENCE = Default;
				SWIFT_VERSION = 4.2;
				TARGETED_DEVICE_FAMILY = "1,2";
			};
			name = Debug;
		};
		CA0967BA21A4D33E002369FD /* Release */ = {
			isa = XCBuildConfiguration;
			baseConfigurationReference = 00007899CC657BA7E93C97FB /* Pods-IslamicLandmarksAR.release.xcconfig */;
			buildSettings = {
				ASSETCATALOG_COMPILER_APPICON_NAME = AppIcon;
				CLANG_ENABLE_MODULES = YES;
				CODE_SIGN_STYLE = Automatic;
				DEFINES_MODULE = YES;
				DEVELOPMENT_TEAM = 4TNELUUJWJ;
				INFOPLIST_FILE = QiblaAR/Info.plist;
				LD_RUNPATH_SEARCH_PATHS = (
					"$(inherited)",
					"@executable_path/Frameworks",
				);
				PRODUCT_BUNDLE_IDENTIFIER = com.hamzalakhani.QiblaAR;
				PRODUCT_NAME = "$(TARGET_NAME)";
				SWIFT_OBJC_BRIDGING_HEADER = "QiblaAR/IslamicLandmarksAR-Bridging-Header.h";
				SWIFT_SWIFT3_OBJC_INFERENCE = Default;
				SWIFT_VERSION = 4.2;
				TARGETED_DEVICE_FAMILY = "1,2";
			};
			name = Release;
		};
		CA0967BC21A4D33E002369FD /* Debug */ = {
			isa = XCBuildConfiguration;
			baseConfigurationReference = 6E8471BC0EEA31A3548D0416 /* Pods-IslamicLandmarksARTests.debug.xcconfig */;
			buildSettings = {
				ALWAYS_EMBED_SWIFT_STANDARD_LIBRARIES = YES;
				BUNDLE_LOADER = "$(TEST_HOST)";
				CODE_SIGN_STYLE = Automatic;
				DEVELOPMENT_TEAM = 4TNELUUJWJ;
				INFOPLIST_FILE = QiblaARTests/Info.plist;
				LD_RUNPATH_SEARCH_PATHS = (
					"$(inherited)",
					"@executable_path/Frameworks",
					"@loader_path/Frameworks",
				);
				PRODUCT_BUNDLE_IDENTIFIER = com.hamzalakhani.QiblaARTests;
				PRODUCT_NAME = "$(TARGET_NAME)";
				SWIFT_VERSION = 4.2;
				TARGETED_DEVICE_FAMILY = "1,2";
				TEST_HOST = "$(BUILT_PRODUCTS_DIR)/IslamicLandmarksAR.app/IslamicLandmarksAR";
			};
			name = Debug;
		};
		CA0967BD21A4D33E002369FD /* Release */ = {
			isa = XCBuildConfiguration;
			baseConfigurationReference = 613590174F7E4CF53CC545EE /* Pods-IslamicLandmarksARTests.release.xcconfig */;
			buildSettings = {
				ALWAYS_EMBED_SWIFT_STANDARD_LIBRARIES = YES;
				BUNDLE_LOADER = "$(TEST_HOST)";
				CODE_SIGN_STYLE = Automatic;
				DEVELOPMENT_TEAM = 4TNELUUJWJ;
				INFOPLIST_FILE = QiblaARTests/Info.plist;
				LD_RUNPATH_SEARCH_PATHS = (
					"$(inherited)",
					"@executable_path/Frameworks",
					"@loader_path/Frameworks",
				);
				PRODUCT_BUNDLE_IDENTIFIER = com.hamzalakhani.QiblaARTests;
				PRODUCT_NAME = "$(TARGET_NAME)";
				SWIFT_VERSION = 4.2;
				TARGETED_DEVICE_FAMILY = "1,2";
				TEST_HOST = "$(BUILT_PRODUCTS_DIR)/IslamicLandmarksAR.app/IslamicLandmarksAR";
			};
			name = Release;
		};
		CA0967BF21A4D33E002369FD /* Debug */ = {
			isa = XCBuildConfiguration;
			baseConfigurationReference = CCE1077014F3A2B81A541B6A /* Pods-IslamicLandmarksARUITests.debug.xcconfig */;
			buildSettings = {
				ALWAYS_EMBED_SWIFT_STANDARD_LIBRARIES = YES;
				CODE_SIGN_STYLE = Automatic;
				DEVELOPMENT_TEAM = 4TNELUUJWJ;
				INFOPLIST_FILE = QiblaARUITests/Info.plist;
				LD_RUNPATH_SEARCH_PATHS = (
					"$(inherited)",
					"@executable_path/Frameworks",
					"@loader_path/Frameworks",
				);
				PRODUCT_BUNDLE_IDENTIFIER = com.hamzalakhani.QiblaARUITests;
				PRODUCT_NAME = "$(TARGET_NAME)";
				SWIFT_VERSION = 4.2;
				TARGETED_DEVICE_FAMILY = "1,2";
				TEST_TARGET_NAME = QiblaAR;
			};
			name = Debug;
		};
		CA0967C021A4D33E002369FD /* Release */ = {
			isa = XCBuildConfiguration;
			baseConfigurationReference = C8A3EF4551F0EF9A4AEC4CD9 /* Pods-IslamicLandmarksARUITests.release.xcconfig */;
			buildSettings = {
				ALWAYS_EMBED_SWIFT_STANDARD_LIBRARIES = YES;
				CODE_SIGN_STYLE = Automatic;
				DEVELOPMENT_TEAM = 4TNELUUJWJ;
				INFOPLIST_FILE = QiblaARUITests/Info.plist;
				LD_RUNPATH_SEARCH_PATHS = (
					"$(inherited)",
					"@executable_path/Frameworks",
					"@loader_path/Frameworks",
				);
				PRODUCT_BUNDLE_IDENTIFIER = com.hamzalakhani.QiblaARUITests;
				PRODUCT_NAME = "$(TARGET_NAME)";
				SWIFT_VERSION = 4.2;
				TARGETED_DEVICE_FAMILY = "1,2";
				TEST_TARGET_NAME = QiblaAR;
			};
			name = Release;
		};
/* End XCBuildConfiguration section */

/* Begin XCConfigurationList section */
		CA09678921A4D33D002369FD /* Build configuration list for PBXProject "IslamicLandmarksAR" */ = {
			isa = XCConfigurationList;
			buildConfigurations = (
				CA0967B621A4D33E002369FD /* Debug */,
				CA0967B721A4D33E002369FD /* Release */,
			);
			defaultConfigurationIsVisible = 0;
			defaultConfigurationName = Release;
		};
		CA0967B821A4D33E002369FD /* Build configuration list for PBXNativeTarget "IslamicLandmarksAR" */ = {
			isa = XCConfigurationList;
			buildConfigurations = (
				CA0967B921A4D33E002369FD /* Debug */,
				CA0967BA21A4D33E002369FD /* Release */,
			);
			defaultConfigurationIsVisible = 0;
			defaultConfigurationName = Release;
		};
		CA0967BB21A4D33E002369FD /* Build configuration list for PBXNativeTarget "IslamicLandmarksARTests" */ = {
			isa = XCConfigurationList;
			buildConfigurations = (
				CA0967BC21A4D33E002369FD /* Debug */,
				CA0967BD21A4D33E002369FD /* Release */,
			);
			defaultConfigurationIsVisible = 0;
			defaultConfigurationName = Release;
		};
		CA0967BE21A4D33E002369FD /* Build configuration list for PBXNativeTarget "IslamicLandmarksARUITests" */ = {
			isa = XCConfigurationList;
			buildConfigurations = (
				CA0967BF21A4D33E002369FD /* Debug */,
				CA0967C021A4D33E002369FD /* Release */,
			);
			defaultConfigurationIsVisible = 0;
			defaultConfigurationName = Release;
		};
/* End XCConfigurationList section */
	};
	rootObject = CA09678621A4D33D002369FD /* Project object */;
}
